
Microsoft Visual Studio Solution File, Format Version 12.00
# Visual Studio Version 17
VisualStudioVersion = 17.9.34701.34
MinimumVisualStudioVersion = 10.0.40219.1
Project("{9A19103F-16F7-4668-BE54-9A1E7A4F7556}") = "RazorPizzeria", "RazorPizzeria\RazorPizzeria.csproj", "{4D13C042-C828-4938-9816-C59C0FF0CD4D}"
EndProject
Global
	GlobalSection(SolutionConfigurationPlatforms) = preSolution
		Debug|Any CPU = Debug|Any CPU
		Release|Any CPU = Release|Any CPU
	EndGlobalSection
	GlobalSection(ProjectConfigurationPlatforms) = postSolution
		{4D13C042-C828-4938-9816-C59C0FF0CD4D}.Debug|Any CPU.ActiveCfg = Debug|Any CPU
		{4D13C042-C828-4938-9816-C59C0FF0CD4D}.Debug|Any CPU.Build.0 = Debug|Any CPU
		{4D13C042-C828-4938-9816-C59C0FF0CD4D}.Release|Any CPU.ActiveCfg = Release|Any CPU
		{4D13C042-C828-4938-9816-C59C0FF0CD4D}.Release|Any CPU.Build.0 = Release|Any CPU
	EndGlobalSection
	GlobalSection(SolutionProperties) = preSolution
		HideSolutionNode = FALSE
	EndGlobalSection
	GlobalSection(ExtensibilityGlobals) = postSolution
		SolutionGuid = {9CB2C656-6583-4CFD-B902-2970135E82D0}
	EndGlobalSection
EndGlobal
